github.com/firepear/qsplit/v2 v2.3.1 h1:b2Kwzruhb36aEHt6rE5zmK2x1c9HhM4xFW2+i62rwqk=
github.com/firepear/qsplit/v2 v2.3.1/go.mod h1:Q65ZpyUdvAUkXISeeNtA3DPlDwEn9mHU/kzTtPUxmKQ=
github.com/firepear/qsplit/v2 v2.5.0 h1:w2cwqTL2Lvnhm1wPumKGW++UdNZyt37QQYg7nZMyhZI=
github.com/firepear/qsplit/v2 v2.5.0/go.mod h1:Q65ZpyUdvAUkXISeeNtA3DPlDwEn9mHU/kzTtPUxmKQ=
